
Microsoft Visual Studio Solution File, Format Version 12.00
# Visual Studio Version 17
VisualStudioVersion = 17.7.34202.233
MinimumVisualStudioVersion = 10.0.40219.1
Project("{9A19103F-16F7-4668-BE54-9A1E7A4F7556}") = "PLMS.Core", "PLMS.Core\PLMS.Core.csproj", "{ED1CDA38-EB84-42DC-87C3-3E613E07E4BC}"
EndProject
Project("{9A19103F-16F7-4668-BE54-9A1E7A4F7556}") = "PLMS.Repository", "PLMS.Repository\PLMS.Repository.csproj", "{AA751975-0A61-48E9-9C07-E6040370617B}"
EndProject
Project("{9A19103F-16F7-4668-BE54-9A1E7A4F7556}") = "PLMS.Service", "PLMS.Service\PLMS.Service.csproj", "{165030F5-A235-4F08-9C7B-49C3A9E390E4}"
EndProject
Project("{9A19103F-16F7-4668-BE54-9A1E7A4F7556}") = "PLMS.Web", "PLMS.Web\PLMS.Web.csproj", "{52829531-D82B-4E80-86A6-213C0105FF25}"
EndProject
Project("{9A19103F-16F7-4668-BE54-9A1E7A4F7556}") = "PLMS.Api", "PLMS.Api\PLMS.Api.csproj", "{A96CC14A-1835-42AB-8431-4DA04AE4804D}"
EndProject
Project("{9A19103F-16F7-4668-BE54-9A1E7A4F7556}") = "PLMS.Caching", "PLMS.Caching\PLMS.Caching.csproj", "{24FCE211-9136-43F3-9159-F3C1D6F2A57E}"
EndProject
Project("{9A19103F-16F7-4668-BE54-9A1E7A4F7556}") = "AuthIdentity.Core", "AuthIdentity.Core\AuthIdentity.Core.csproj", "{C77D68B6-9FD1-40CC-B15D-58164D06B415}"
EndProject
Project("{9A19103F-16F7-4668-BE54-9A1E7A4F7556}") = "AuthIdentity.Service", "AuthIdentity.Service\AuthIdentity.Service.csproj", "{64329D60-9337-4740-8874-B71574B8D314}"
EndProject
Project("{9A19103F-16F7-4668-BE54-9A1E7A4F7556}") = "AuthIdentity.Repository", "AuthIdentity.Repository\AuthIdentity.Repository.csproj", "{C7E97E3A-5CA1-4622-8856-F396D37F0B45}"
EndProject
Project("{FAE04EC0-301F-11D3-BF4B-00C04F79EFBC}") = "AuthIdentityJWT.Data", "AuthIdentityJWT.Data\AuthIdentityJWT.Data.csproj", "{2C43A4FF-DA7A-4E06-92A1-963658A987EB}"
EndProject
Project("{FAE04EC0-301F-11D3-BF4B-00C04F79EFBC}") = "AuthIdentityJWT.Service", "AuthIdentityJWT.Service\AuthIdentityJWT.Service.csproj", "{0E51E401-8B11-4A4D-8305-80FCD8EA6C1B}"
EndProject
Project("{FAE04EC0-301F-11D3-BF4B-00C04F79EFBC}") = "AuthIdentityJWT.Core", "AuthIdentityJWT.Core\AuthIdentityJWT.Core.csproj", "{283C456A-3B91-4F07-B28A-A5B8A04675CE}"
EndProject
Project("{FAE04EC0-301F-11D3-BF4B-00C04F79EFBC}") = "AuthIdentityJWT.SharedLibrary", "AuthIdentityJWT.SharedLibrary\AuthIdentityJWT.SharedLibrary.csproj", "{73E5B9D3-9B0A-44F1-AD4E-D0725CEADF9E}"
EndProject
Project("{FAE04EC0-301F-11D3-BF4B-00C04F79EFBC}") = "AuthIdentityJWT.Api", "AuthIdentityJWT.Api\AuthIdentityJWT.Api.csproj", "{C583305F-BF2D-4BC1-9DBD-8C66E834DCDB}"
EndProject
Global
	GlobalSection(SolutionConfigurationPlatforms) = preSolution
		Debug|Any CPU = Debug|Any CPU
		Release|Any CPU = Release|Any CPU
	EndGlobalSection
	GlobalSection(ProjectConfigurationPlatforms) = postSolution
		{ED1CDA38-EB84-42DC-87C3-3E613E07E4BC}.Debug|Any CPU.ActiveCfg = Debug|Any CPU
		{ED1CDA38-EB84-42DC-87C3-3E613E07E4BC}.Debug|Any CPU.Build.0 = Debug|Any CPU
		{ED1CDA38-EB84-42DC-87C3-3E613E07E4BC}.Release|Any CPU.ActiveCfg = Release|Any CPU
		{ED1CDA38-EB84-42DC-87C3-3E613E07E4BC}.Release|Any CPU.Build.0 = Release|Any CPU
		{AA751975-0A61-48E9-9C07-E6040370617B}.Debug|Any CPU.ActiveCfg = Debug|Any CPU
		{AA751975-0A61-48E9-9C07-E6040370617B}.Debug|Any CPU.Build.0 = Debug|Any CPU
		{AA751975-0A61-48E9-9C07-E6040370617B}.Release|Any CPU.ActiveCfg = Release|Any CPU
		{AA751975-0A61-48E9-9C07-E6040370617B}.Release|Any CPU.Build.0 = Release|Any CPU
		{165030F5-A235-4F08-9C7B-49C3A9E390E4}.Debug|Any CPU.ActiveCfg = Debug|Any CPU
		{165030F5-A235-4F08-9C7B-49C3A9E390E4}.Debug|Any CPU.Build.0 = Debug|Any CPU
		{165030F5-A235-4F08-9C7B-49C3A9E390E4}.Release|Any CPU.ActiveCfg = Release|Any CPU
		{165030F5-A235-4F08-9C7B-49C3A9E390E4}.Release|Any CPU.Build.0 = Release|Any CPU
		{52829531-D82B-4E80-86A6-213C0105FF25}.Debug|Any CPU.ActiveCfg = Debug|Any CPU
		{52829531-D82B-4E80-86A6-213C0105FF25}.Debug|Any CPU.Build.0 = Debug|Any CPU
		{52829531-D82B-4E80-86A6-213C0105FF25}.Release|Any CPU.ActiveCfg = Release|Any CPU
		{52829531-D82B-4E80-86A6-213C0105FF25}.Release|Any CPU.Build.0 = Release|Any CPU
		{A96CC14A-1835-42AB-8431-4DA04AE4804D}.Debug|Any CPU.ActiveCfg = Debug|Any CPU
		{A96CC14A-1835-42AB-8431-4DA04AE4804D}.Debug|Any CPU.Build.0 = Debug|Any CPU
		{A96CC14A-1835-42AB-8431-4DA04AE4804D}.Release|Any CPU.ActiveCfg = Release|Any CPU
		{A96CC14A-1835-42AB-8431-4DA04AE4804D}.Release|Any CPU.Build.0 = Release|Any CPU
		{24FCE211-9136-43F3-9159-F3C1D6F2A57E}.Debug|Any CPU.ActiveCfg = Debug|Any CPU
		{24FCE211-9136-43F3-9159-F3C1D6F2A57E}.Debug|Any CPU.Build.0 = Debug|Any CPU
		{24FCE211-9136-43F3-9159-F3C1D6F2A57E}.Release|Any CPU.ActiveCfg = Release|Any CPU
		{24FCE211-9136-43F3-9159-F3C1D6F2A57E}.Release|Any CPU.Build.0 = Release|Any CPU
		{C77D68B6-9FD1-40CC-B15D-58164D06B415}.Debug|Any CPU.ActiveCfg = Debug|Any CPU
		{C77D68B6-9FD1-40CC-B15D-58164D06B415}.Debug|Any CPU.Build.0 = Debug|Any CPU
		{C77D68B6-9FD1-40CC-B15D-58164D06B415}.Release|Any CPU.ActiveCfg = Release|Any CPU
		{C77D68B6-9FD1-40CC-B15D-58164D06B415}.Release|Any CPU.Build.0 = Release|Any CPU
		{64329D60-9337-4740-8874-B71574B8D314}.Debug|Any CPU.ActiveCfg = Debug|Any CPU
		{64329D60-9337-4740-8874-B71574B8D314}.Debug|Any CPU.Build.0 = Debug|Any CPU
		{64329D60-9337-4740-8874-B71574B8D314}.Release|Any CPU.ActiveCfg = Release|Any CPU
		{64329D60-9337-4740-8874-B71574B8D314}.Release|Any CPU.Build.0 = Release|Any CPU
		{C7E97E3A-5CA1-4622-8856-F396D37F0B45}.Debug|Any CPU.ActiveCfg = Debug|Any CPU
		{C7E97E3A-5CA1-4622-8856-F396D37F0B45}.Debug|Any CPU.Build.0 = Debug|Any CPU
		{C7E97E3A-5CA1-4622-8856-F396D37F0B45}.Release|Any CPU.ActiveCfg = Release|Any CPU
		{C7E97E3A-5CA1-4622-8856-F396D37F0B45}.Release|Any CPU.Build.0 = Release|Any CPU
		{2C43A4FF-DA7A-4E06-92A1-963658A987EB}.Debug|Any CPU.ActiveCfg = Debug|Any CPU
		{2C43A4FF-DA7A-4E06-92A1-963658A987EB}.Debug|Any CPU.Build.0 = Debug|Any CPU
		{2C43A4FF-DA7A-4E06-92A1-963658A987EB}.Release|Any CPU.ActiveCfg = Release|Any CPU
		{2C43A4FF-DA7A-4E06-92A1-963658A987EB}.Release|Any CPU.Build.0 = Release|Any CPU
		{0E51E401-8B11-4A4D-8305-80FCD8EA6C1B}.Debug|Any CPU.ActiveCfg = Debug|Any CPU
		{0E51E401-8B11-4A4D-8305-80FCD8EA6C1B}.Debug|Any CPU.Build.0 = Debug|Any CPU
		{0E51E401-8B11-4A4D-8305-80FCD8EA6C1B}.Release|Any CPU.ActiveCfg = Release|Any CPU
		{0E51E401-8B11-4A4D-8305-80FCD8EA6C1B}.Release|Any CPU.Build.0 = Release|Any CPU
		{283C456A-3B91-4F07-B28A-A5B8A04675CE}.Debug|Any CPU.ActiveCfg = Debug|Any CPU
		{283C456A-3B91-4F07-B28A-A5B8A04675CE}.Debug|Any CPU.Build.0 = Debug|Any CPU
		{283C456A-3B91-4F07-B28A-A5B8A04675CE}.Release|Any CPU.ActiveCfg = Release|Any CPU
		{283C456A-3B91-4F07-B28A-A5B8A04675CE}.Release|Any CPU.Build.0 = Release|Any CPU
		{73E5B9D3-9B0A-44F1-AD4E-D0725CEADF9E}.Debug|Any CPU.ActiveCfg = Debug|Any CPU
		{73E5B9D3-9B0A-44F1-AD4E-D0725CEADF9E}.Debug|Any CPU.Build.0 = Debug|Any CPU
		{73E5B9D3-9B0A-44F1-AD4E-D0725CEADF9E}.Release|Any CPU.ActiveCfg = Release|Any CPU
		{73E5B9D3-9B0A-44F1-AD4E-D0725CEADF9E}.Release|Any CPU.Build.0 = Release|Any CPU
		{C583305F-BF2D-4BC1-9DBD-8C66E834DCDB}.Debug|Any CPU.ActiveCfg = Debug|Any CPU
		{C583305F-BF2D-4BC1-9DBD-8C66E834DCDB}.Debug|Any CPU.Build.0 = Debug|Any CPU
		{C583305F-BF2D-4BC1-9DBD-8C66E834DCDB}.Release|Any CPU.ActiveCfg = Release|Any CPU
		{C583305F-BF2D-4BC1-9DBD-8C66E834DCDB}.Release|Any CPU.Build.0 = Release|Any CPU
	EndGlobalSection
	GlobalSection(SolutionProperties) = preSolution
		HideSolutionNode = FALSE
	EndGlobalSection
	GlobalSection(ExtensibilityGlobals) = postSolution
		SolutionGuid = {E82F21EE-4AF5-47CC-8731-1B467EC62BC3}
	EndGlobalSection
EndGlobal
