
Microsoft Visual Studio Solution File, Format Version 12.00
# Visual Studio Version 17
VisualStudioVersion = 17.7.34202.233
MinimumVisualStudioVersion = 10.0.40219.1
Project("{9A19103F-16F7-4668-BE54-9A1E7A4F7556}") = "PLMS.Core", "PLMS.Core\PLMS.Core.csproj", "{ED1CDA38-EB84-42DC-87C3-3E613E07E4BC}"
EndProject
Project("{9A19103F-16F7-4668-BE54-9A1E7A4F7556}") = "PLMS.Repository", "PLMS.Repository\PLMS.Repository.csproj", "{AA751975-0A61-48E9-9C07-E6040370617B}"
EndProject
Project("{9A19103F-16F7-4668-BE54-9A1E7A4F7556}") = "PLMS.Service", "PLMS.Service\PLMS.Service.csproj", "{165030F5-A235-4F08-9C7B-49C3A9E390E4}"
EndProject
Project("{9A19103F-16F7-4668-BE54-9A1E7A4F7556}") = "PLMS.Web", "PLMS.Web\PLMS.Web.csproj", "{52829531-D82B-4E80-86A6-213C0105FF25}"
EndProject
Project("{9A19103F-16F7-4668-BE54-9A1E7A4F7556}") = "PLMS.Api", "PLMS.Api\PLMS.Api.csproj", "{A96CC14A-1835-42AB-8431-4DA04AE4804D}"
EndProject
Project("{9A19103F-16F7-4668-BE54-9A1E7A4F7556}") = "PLMS.Caching", "PLMS.Caching\PLMS.Caching.csproj", "{24FCE211-9136-43F3-9159-F3C1D6F2A57E}"
EndProject
Project("{FAE04EC0-301F-11D3-BF4B-00C04F79EFBC}") = "AuthIdentity.Core", "AuthIdentity.Core\AuthIdentity.Core.csproj", "{C77D68B6-9FD1-40CC-B15D-58164D06B415}"
EndProject
Project("{FAE04EC0-301F-11D3-BF4B-00C04F79EFBC}") = "AuthIdentity.Service", "AuthIdentity.Service\AuthIdentity.Service.csproj", "{64329D60-9337-4740-8874-B71574B8D314}"
EndProject
Project("{FAE04EC0-301F-11D3-BF4B-00C04F79EFBC}") = "AuthIdentity.Repository", "AuthIdentity.Repository\AuthIdentity.Repository.csproj", "{C7E97E3A-5CA1-4622-8856-F396D37F0B45}"
EndProject
Project("{FAE04EC0-301F-11D3-BF4B-00C04F79EFBC}") = "AuthJWT.Api", "AuthJWT.Api\AuthJWT.Api.csproj", "{FF4ED80E-31A5-476E-AFE8-E31E782A078F}"
EndProject
Project("{FAE04EC0-301F-11D3-BF4B-00C04F79EFBC}") = "AuthJWT.Core", "AuthJWT.Core\AuthJWT.Core.csproj", "{A4B475D2-BB67-4A6C-9E90-46FA0EC0C6A6}"
EndProject
Project("{FAE04EC0-301F-11D3-BF4B-00C04F79EFBC}") = "AuthJWT.Service", "AuthJWT.Service\AuthJWT.Service.csproj", "{7CCE3FF9-F287-4E82-B0E4-38D217D84248}"
EndProject
Project("{FAE04EC0-301F-11D3-BF4B-00C04F79EFBC}") = "AuthJWT.Repository", "AuthJWT.Repository\AuthJWT.Repository.csproj", "{632651DB-D512-47C4-957D-9292E2882533}"
EndProject
Project("{FAE04EC0-301F-11D3-BF4B-00C04F79EFBC}") = "AuthJWT.SharedLibrary", "AuthJWT.SharedLibrary\AuthJWT.SharedLibrary.csproj", "{5549519F-BE8B-4BF9-BDFD-18259C776E8A}"
EndProject
Global
	GlobalSection(SolutionConfigurationPlatforms) = preSolution
		Debug|Any CPU = Debug|Any CPU
		Release|Any CPU = Release|Any CPU
	EndGlobalSection
	GlobalSection(ProjectConfigurationPlatforms) = postSolution
		{ED1CDA38-EB84-42DC-87C3-3E613E07E4BC}.Debug|Any CPU.ActiveCfg = Debug|Any CPU
		{ED1CDA38-EB84-42DC-87C3-3E613E07E4BC}.Debug|Any CPU.Build.0 = Debug|Any CPU
		{ED1CDA38-EB84-42DC-87C3-3E613E07E4BC}.Release|Any CPU.ActiveCfg = Release|Any CPU
		{ED1CDA38-EB84-42DC-87C3-3E613E07E4BC}.Release|Any CPU.Build.0 = Release|Any CPU
		{AA751975-0A61-48E9-9C07-E6040370617B}.Debug|Any CPU.ActiveCfg = Debug|Any CPU
		{AA751975-0A61-48E9-9C07-E6040370617B}.Debug|Any CPU.Build.0 = Debug|Any CPU
		{AA751975-0A61-48E9-9C07-E6040370617B}.Release|Any CPU.ActiveCfg = Release|Any CPU
		{AA751975-0A61-48E9-9C07-E6040370617B}.Release|Any CPU.Build.0 = Release|Any CPU
		{165030F5-A235-4F08-9C7B-49C3A9E390E4}.Debug|Any CPU.ActiveCfg = Debug|Any CPU
		{165030F5-A235-4F08-9C7B-49C3A9E390E4}.Debug|Any CPU.Build.0 = Debug|Any CPU
		{165030F5-A235-4F08-9C7B-49C3A9E390E4}.Release|Any CPU.ActiveCfg = Release|Any CPU
		{165030F5-A235-4F08-9C7B-49C3A9E390E4}.Release|Any CPU.Build.0 = Release|Any CPU
		{52829531-D82B-4E80-86A6-213C0105FF25}.Debug|Any CPU.ActiveCfg = Debug|Any CPU
		{52829531-D82B-4E80-86A6-213C0105FF25}.Debug|Any CPU.Build.0 = Debug|Any CPU
		{52829531-D82B-4E80-86A6-213C0105FF25}.Release|Any CPU.ActiveCfg = Release|Any CPU
		{52829531-D82B-4E80-86A6-213C0105FF25}.Release|Any CPU.Build.0 = Release|Any CPU
		{A96CC14A-1835-42AB-8431-4DA04AE4804D}.Debug|Any CPU.ActiveCfg = Debug|Any CPU
		{A96CC14A-1835-42AB-8431-4DA04AE4804D}.Debug|Any CPU.Build.0 = Debug|Any CPU
		{A96CC14A-1835-42AB-8431-4DA04AE4804D}.Release|Any CPU.ActiveCfg = Release|Any CPU
		{A96CC14A-1835-42AB-8431-4DA04AE4804D}.Release|Any CPU.Build.0 = Release|Any CPU
		{24FCE211-9136-43F3-9159-F3C1D6F2A57E}.Debug|Any CPU.ActiveCfg = Debug|Any CPU
		{24FCE211-9136-43F3-9159-F3C1D6F2A57E}.Debug|Any CPU.Build.0 = Debug|Any CPU
		{24FCE211-9136-43F3-9159-F3C1D6F2A57E}.Release|Any CPU.ActiveCfg = Release|Any CPU
		{24FCE211-9136-43F3-9159-F3C1D6F2A57E}.Release|Any CPU.Build.0 = Release|Any CPU
		{C77D68B6-9FD1-40CC-B15D-58164D06B415}.Debug|Any CPU.ActiveCfg = Debug|Any CPU
		{C77D68B6-9FD1-40CC-B15D-58164D06B415}.Debug|Any CPU.Build.0 = Debug|Any CPU
		{C77D68B6-9FD1-40CC-B15D-58164D06B415}.Release|Any CPU.ActiveCfg = Release|Any CPU
		{C77D68B6-9FD1-40CC-B15D-58164D06B415}.Release|Any CPU.Build.0 = Release|Any CPU
		{64329D60-9337-4740-8874-B71574B8D314}.Debug|Any CPU.ActiveCfg = Debug|Any CPU
		{64329D60-9337-4740-8874-B71574B8D314}.Debug|Any CPU.Build.0 = Debug|Any CPU
		{64329D60-9337-4740-8874-B71574B8D314}.Release|Any CPU.ActiveCfg = Release|Any CPU
		{64329D60-9337-4740-8874-B71574B8D314}.Release|Any CPU.Build.0 = Release|Any CPU
		{C7E97E3A-5CA1-4622-8856-F396D37F0B45}.Debug|Any CPU.ActiveCfg = Debug|Any CPU
		{C7E97E3A-5CA1-4622-8856-F396D37F0B45}.Debug|Any CPU.Build.0 = Debug|Any CPU
		{C7E97E3A-5CA1-4622-8856-F396D37F0B45}.Release|Any CPU.ActiveCfg = Release|Any CPU
		{C7E97E3A-5CA1-4622-8856-F396D37F0B45}.Release|Any CPU.Build.0 = Release|Any CPU
		{FF4ED80E-31A5-476E-AFE8-E31E782A078F}.Debug|Any CPU.ActiveCfg = Debug|Any CPU
		{FF4ED80E-31A5-476E-AFE8-E31E782A078F}.Debug|Any CPU.Build.0 = Debug|Any CPU
		{FF4ED80E-31A5-476E-AFE8-E31E782A078F}.Release|Any CPU.ActiveCfg = Release|Any CPU
		{FF4ED80E-31A5-476E-AFE8-E31E782A078F}.Release|Any CPU.Build.0 = Release|Any CPU
		{A4B475D2-BB67-4A6C-9E90-46FA0EC0C6A6}.Debug|Any CPU.ActiveCfg = Debug|Any CPU
		{A4B475D2-BB67-4A6C-9E90-46FA0EC0C6A6}.Debug|Any CPU.Build.0 = Debug|Any CPU
		{A4B475D2-BB67-4A6C-9E90-46FA0EC0C6A6}.Release|Any CPU.ActiveCfg = Release|Any CPU
		{A4B475D2-BB67-4A6C-9E90-46FA0EC0C6A6}.Release|Any CPU.Build.0 = Release|Any CPU
		{7CCE3FF9-F287-4E82-B0E4-38D217D84248}.Debug|Any CPU.ActiveCfg = Debug|Any CPU
		{7CCE3FF9-F287-4E82-B0E4-38D217D84248}.Debug|Any CPU.Build.0 = Debug|Any CPU
		{7CCE3FF9-F287-4E82-B0E4-38D217D84248}.Release|Any CPU.ActiveCfg = Release|Any CPU
		{7CCE3FF9-F287-4E82-B0E4-38D217D84248}.Release|Any CPU.Build.0 = Release|Any CPU
		{632651DB-D512-47C4-957D-9292E2882533}.Debug|Any CPU.ActiveCfg = Debug|Any CPU
		{632651DB-D512-47C4-957D-9292E2882533}.Debug|Any CPU.Build.0 = Debug|Any CPU
		{632651DB-D512-47C4-957D-9292E2882533}.Release|Any CPU.ActiveCfg = Release|Any CPU
		{632651DB-D512-47C4-957D-9292E2882533}.Release|Any CPU.Build.0 = Release|Any CPU
		{5549519F-BE8B-4BF9-BDFD-18259C776E8A}.Debug|Any CPU.ActiveCfg = Debug|Any CPU
		{5549519F-BE8B-4BF9-BDFD-18259C776E8A}.Debug|Any CPU.Build.0 = Debug|Any CPU
		{5549519F-BE8B-4BF9-BDFD-18259C776E8A}.Release|Any CPU.ActiveCfg = Release|Any CPU
		{5549519F-BE8B-4BF9-BDFD-18259C776E8A}.Release|Any CPU.Build.0 = Release|Any CPU
	EndGlobalSection
	GlobalSection(SolutionProperties) = preSolution
		HideSolutionNode = FALSE
	EndGlobalSection
	GlobalSection(ExtensibilityGlobals) = postSolution
		SolutionGuid = {E82F21EE-4AF5-47CC-8731-1B467EC62BC3}
	EndGlobalSection
EndGlobal
